// !$*UTF8*$!
{
	archiveVersion = 1;
	classes = {
	};
	objectVersion = 56;
	objects = {

/* Begin PBXBuildFile section */
		FAAF8D682A93815800D9807A /* NewsViewModel.swift in Sources */ = {isa = PBXBuildFile; fileRef = FAAF8D672A93815800D9807A /* NewsViewModel.swift */; };
		FAAF8D6A2A9382AA00D9807A /* NewsSectionModel.swift in Sources */ = {isa = PBXBuildFile; fileRef = FAAF8D692A9382AA00D9807A /* NewsSectionModel.swift */; };
		FAAF8D6C2A9382C100D9807A /* NewsItem.swift in Sources */ = {isa = PBXBuildFile; fileRef = FAAF8D6B2A9382C100D9807A /* NewsItem.swift */; };
		FAAF8D6E2A93831F00D9807A /* Constants.swift in Sources */ = {isa = PBXBuildFile; fileRef = FAAF8D6D2A93831F00D9807A /* Constants.swift */; };
		FAAF8D702A939A0000D9807A /* NewsCell.xib in Resources */ = {isa = PBXBuildFile; fileRef = FAAF8D6F2A939A0000D9807A /* NewsCell.xib */; };
		FAAF8D762A939D9200D9807A /* NewsViewController.xib in Resources */ = {isa = PBXBuildFile; fileRef = FAAF8D752A939D9200D9807A /* NewsViewController.xib */; };
		FAAF8D782A93A04900D9807A /* NewsCell.swift in Sources */ = {isa = PBXBuildFile; fileRef = FAAF8D772A93A04900D9807A /* NewsCell.swift */; };
		FAAF8D7C2A93BECD00D9807A /* Error.swift in Sources */ = {isa = PBXBuildFile; fileRef = FAAF8D7B2A93BECD00D9807A /* Error.swift */; };
		FAAF8D7E2A93C0AA00D9807A /* NewsModel.swift in Sources */ = {isa = PBXBuildFile; fileRef = FAAF8D7D2A93C0AA00D9807A /* NewsModel.swift */; };
		FAD21BBE2A937D2900CDDEF8 /* AppDelegate.swift in Sources */ = {isa = PBXBuildFile; fileRef = FAD21BBD2A937D2900CDDEF8 /* AppDelegate.swift */; };
		FAD21BC22A937D2900CDDEF8 /* NewsViewController.swift in Sources */ = {isa = PBXBuildFile; fileRef = FAD21BC12A937D2900CDDEF8 /* NewsViewController.swift */; };
		FAD21BC82A937D2A00CDDEF8 /* haAretzHome.xcdatamodeld in Sources */ = {isa = PBXBuildFile; fileRef = FAD21BC62A937D2A00CDDEF8 /* haAretzHome.xcdatamodeld */; };
		FAD21BCA2A937D2B00CDDEF8 /* Assets.xcassets in Resources */ = {isa = PBXBuildFile; fileRef = FAD21BC92A937D2B00CDDEF8 /* Assets.xcassets */; };
/* End PBXBuildFile section */

/* Begin PBXFileReference section */
		FAAF8D672A93815800D9807A /* NewsViewModel.swift */ = {isa = PBXFileReference; lastKnownFileType = sourcecode.swift; path = NewsViewModel.swift; sourceTree = "<group>"; };
		FAAF8D692A9382AA00D9807A /* NewsSectionModel.swift */ = {isa = PBXFileReference; lastKnownFileType = sourcecode.swift; path = NewsSectionModel.swift; sourceTree = "<group>"; };
		FAAF8D6B2A9382C100D9807A /* NewsItem.swift */ = {isa = PBXFileReference; lastKnownFileType = sourcecode.swift; path = NewsItem.swift; sourceTree = "<group>"; };
		FAAF8D6D2A93831F00D9807A /* Constants.swift */ = {isa = PBXFileReference; lastKnownFileType = sourcecode.swift; path = Constants.swift; sourceTree = "<group>"; };
		FAAF8D6F2A939A0000D9807A /* NewsCell.xib */ = {isa = PBXFileReference; lastKnownFileType = file.xib; path = NewsCell.xib; sourceTree = "<group>"; };
		FAAF8D752A939D9200D9807A /* NewsViewController.xib */ = {isa = PBXFileReference; lastKnownFileType = file.xib; path = NewsViewController.xib; sourceTree = "<group>"; };
		FAAF8D772A93A04900D9807A /* NewsCell.swift */ = {isa = PBXFileReference; lastKnownFileType = sourcecode.swift; path = NewsCell.swift; sourceTree = "<group>"; };
		FAAF8D7B2A93BECD00D9807A /* Error.swift */ = {isa = PBXFileReference; lastKnownFileType = sourcecode.swift; path = Error.swift; sourceTree = "<group>"; };
		FAAF8D7D2A93C0AA00D9807A /* NewsModel.swift */ = {isa = PBXFileReference; lastKnownFileType = sourcecode.swift; path = NewsModel.swift; sourceTree = "<group>"; };
		FAD21BBA2A937D2900CDDEF8 /* haAretzHome.app */ = {isa = PBXFileReference; explicitFileType = wrapper.application; includeInIndex = 0; path = haAretzHome.app; sourceTree = BUILT_PRODUCTS_DIR; };
		FAD21BBD2A937D2900CDDEF8 /* AppDelegate.swift */ = {isa = PBXFileReference; lastKnownFileType = sourcecode.swift; path = AppDelegate.swift; sourceTree = "<group>"; };
		FAD21BC12A937D2900CDDEF8 /* NewsViewController.swift */ = {isa = PBXFileReference; lastKnownFileType = sourcecode.swift; path = NewsViewController.swift; sourceTree = "<group>"; };
		FAD21BC72A937D2A00CDDEF8 /* haAretzHome.xcdatamodel */ = {isa = PBXFileReference; lastKnownFileType = wrapper.xcdatamodel; path = haAretzHome.xcdatamodel; sourceTree = "<group>"; };
		FAD21BC92A937D2B00CDDEF8 /* Assets.xcassets */ = {isa = PBXFileReference; lastKnownFileType = folder.assetcatalog; path = Assets.xcassets; sourceTree = "<group>"; };
		FAD21BCE2A937D2B00CDDEF8 /* Info.plist */ = {isa = PBXFileReference; lastKnownFileType = text.plist.xml; path = Info.plist; sourceTree = "<group>"; };
/* End PBXFileReference section */

/* Begin PBXFrameworksBuildPhase section */
		FAD21BB72A937D2900CDDEF8 /* Frameworks */ = {
			isa = PBXFrameworksBuildPhase;
			buildActionMask = 2147483647;
			files = (
			);
			runOnlyForDeploymentPostprocessing = 0;
		};
/* End PBXFrameworksBuildPhase section */

/* Begin PBXGroup section */
		FAAF8D7F2A93C0BC00D9807A /* ViewController */ = {
			isa = PBXGroup;
			children = (
				FAD21BC12A937D2900CDDEF8 /* NewsViewController.swift */,
				FAAF8D752A939D9200D9807A /* NewsViewController.xib */,
			);
			path = ViewController;
			sourceTree = "<group>";
		};
		FAAF8D802A93C0CD00D9807A /* Cells */ = {
			isa = PBXGroup;
			children = (
				FAAF8D6F2A939A0000D9807A /* NewsCell.xib */,
				FAAF8D772A93A04900D9807A /* NewsCell.swift */,
			);
			path = Cells;
			sourceTree = "<group>";
		};
		FAAF8D812A93C0DF00D9807A /* Utils */ = {
			isa = PBXGroup;
			children = (
				FAAF8D7B2A93BECD00D9807A /* Error.swift */,
				FAAF8D6D2A93831F00D9807A /* Constants.swift */,
			);
			path = Utils;
			sourceTree = "<group>";
		};
		FAD21BB12A937D2900CDDEF8 = {
			isa = PBXGroup;
			children = (
				FAD21BBC2A937D2900CDDEF8 /* haAretzHome */,
				FAD21BBB2A937D2900CDDEF8 /* Products */,
			);
			sourceTree = "<group>";
		};
		FAD21BBB2A937D2900CDDEF8 /* Products */ = {
			isa = PBXGroup;
			children = (
				FAD21BBA2A937D2900CDDEF8 /* haAretzHome.app */,
			);
			name = Products;
			sourceTree = "<group>";
		};
		FAD21BBC2A937D2900CDDEF8 /* haAretzHome */ = {
			isa = PBXGroup;
			children = (
				FAD21BBD2A937D2900CDDEF8 /* AppDelegate.swift */,
				FAAF8D7F2A93C0BC00D9807A /* ViewController */,
				FAAF8D672A93815800D9807A /* NewsViewModel.swift */,
				FAAF8D7D2A93C0AA00D9807A /* NewsModel.swift */,
				FAAF8D692A9382AA00D9807A /* NewsSectionModel.swift */,
				FAAF8D6B2A9382C100D9807A /* NewsItem.swift */,
				FAAF8D802A93C0CD00D9807A /* Cells */,
				FAAF8D812A93C0DF00D9807A /* Utils */,
				FAD21BC92A937D2B00CDDEF8 /* Assets.xcassets */,
				FAD21BCE2A937D2B00CDDEF8 /* Info.plist */,
				FAD21BC62A937D2A00CDDEF8 /* haAretzHome.xcdatamodeld */,
			);
			path = haAretzHome;
			sourceTree = "<group>";
		};
/* End PBXGroup section */

/* Begin PBXNativeTarget section */
		FAD21BB92A937D2900CDDEF8 /* haAretzHome */ = {
			isa = PBXNativeTarget;
			buildConfigurationList = FAD21BD12A937D2B00CDDEF8 /* Build configuration list for PBXNativeTarget "haAretzHome" */;
			buildPhases = (
				FAD21BB62A937D2900CDDEF8 /* Sources */,
				FAD21BB72A937D2900CDDEF8 /* Frameworks */,
				FAD21BB82A937D2900CDDEF8 /* Resources */,
			);
			buildRules = (
			);
			dependencies = (
			);
			name = haAretzHome;
			productName = haAretzHome;
			productReference = FAD21BBA2A937D2900CDDEF8 /* haAretzHome.app */;
			productType = "com.apple.product-type.application";
		};
/* End PBXNativeTarget section */

/* Begin PBXProject section */
		FAD21BB22A937D2900CDDEF8 /* Project object */ = {
			isa = PBXProject;
			attributes = {
				BuildIndependentTargetsInParallel = 1;
				LastSwiftUpdateCheck = 1430;
				LastUpgradeCheck = 1430;
				TargetAttributes = {
					FAD21BB92A937D2900CDDEF8 = {
						CreatedOnToolsVersion = 14.3.1;
					};
				};
			};
			buildConfigurationList = FAD21BB52A937D2900CDDEF8 /* Build configuration list for PBXProject "haAretzHome" */;
			compatibilityVersion = "Xcode 14.0";
			developmentRegion = en;
			hasScannedForEncodings = 0;
			knownRegions = (
				en,
				Base,
			);
			mainGroup = FAD21BB12A937D2900CDDEF8;
			productRefGroup = FAD21BBB2A937D2900CDDEF8 /* Products */;
			projectDirPath = "";
			projectRoot = "";
			targets = (
				FAD21BB92A937D2900CDDEF8 /* haAretzHome */,
			);
		};
/* End PBXProject section */

/* Begin PBXResourcesBuildPhase section */
		FAD21BB82A937D2900CDDEF8 /* Resources */ = {
			isa = PBXResourcesBuildPhase;
			buildActionMask = 2147483647;
			files = (
				FAAF8D702A939A0000D9807A /* NewsCell.xib in Resources */,
				FAD21BCA2A937D2B00CDDEF8 /* Assets.xcassets in Resources */,
				FAAF8D762A939D9200D9807A /* NewsViewController.xib in Resources */,
			);
			runOnlyForDeploymentPostprocessing = 0;
		};
/* End PBXResourcesBuildPhase section */

/* Begin PBXSourcesBuildPhase section */
		FAD21BB62A937D2900CDDEF8 /* Sources */ = {
			isa = PBXSourcesBuildPhase;
			buildActionMask = 2147483647;
			files = (
				FAAF8D6A2A9382AA00D9807A /* NewsSectionModel.swift in Sources */,
				FAAF8D6C2A9382C100D9807A /* NewsItem.swift in Sources */,
				FAD21BC82A937D2A00CDDEF8 /* haAretzHome.xcdatamodeld in Sources */,
				FAD21BC22A937D2900CDDEF8 /* NewsViewController.swift in Sources */,
				FAAF8D7E2A93C0AA00D9807A /* NewsModel.swift in Sources */,
				FAAF8D682A93815800D9807A /* NewsViewModel.swift in Sources */,
				FAD21BBE2A937D2900CDDEF8 /* AppDelegate.swift in Sources */,
				FAAF8D782A93A04900D9807A /* NewsCell.swift in Sources */,
				FAAF8D7C2A93BECD00D9807A /* Error.swift in Sources */,
				FAAF8D6E2A93831F00D9807A /* Constants.swift in Sources */,
			);
			runOnlyForDeploymentPostprocessing = 0;
		};
/* End PBXSourcesBuildPhase section */

/* Begin XCBuildConfiguration section */
		FAD21BCF2A937D2B00CDDEF8 /* Debug */ = {
			isa = XCBuildConfiguration;
			buildSettings = {
				ALWAYS_SEARCH_USER_PATHS = NO;
				CLANG_ANALYZER_NONNULL = YES;
				CLANG_ANALYZER_NUMBER_OBJECT_CONVERSION = YES_AGGRESSIVE;
				CLANG_CXX_LANGUAGE_STANDARD = "gnu++20";
				CLANG_ENABLE_MODULES = YES;
				CLANG_ENABLE_OBJC_ARC = YES;
				CLANG_ENABLE_OBJC_WEAK = YES;
				CLANG_WARN_BLOCK_CAPTURE_AUTORELEASING = YES;
				CLANG_WARN_BOOL_CONVERSION = YES;
				CLANG_WARN_COMMA = YES;
				CLANG_WARN_CONSTANT_CONVERSION = YES;
				CLANG_WARN_DEPRECATED_OBJC_IMPLEMENTATIONS = YES;
				CLANG_WARN_DIRECT_OBJC_ISA_USAGE = YES_ERROR;
				CLANG_WARN_DOCUMENTATION_COMMENTS = YES;
				CLANG_WARN_EMPTY_BODY = YES;
				CLANG_WARN_ENUM_CONVERSION = YES;
				CLANG_WARN_INFINITE_RECURSION = YES;
				CLANG_WARN_INT_CONVERSION = YES;
				CLANG_WARN_NON_LITERAL_NULL_CONVERSION = YES;
				CLANG_WARN_OBJC_IMPLICIT_RETAIN_SELF = YES;
				CLANG_WARN_OBJC_LITERAL_CONVERSION = YES;
				CLANG_WARN_OBJC_ROOT_CLASS = YES_ERROR;
				CLANG_WARN_QUOTED_INCLUDE_IN_FRAMEWORK_HEADER = YES;
				CLANG_WARN_RANGE_LOOP_ANALYSIS = YES;
				CLANG_WARN_STRICT_PROTOTYPES = YES;
				CLANG_WARN_SUSPICIOUS_MOVE = YES;
				CLANG_WARN_UNGUARDED_AVAILABILITY = YES_AGGRESSIVE;
				CLANG_WARN_UNREACHABLE_CODE = YES;
				CLANG_WARN__DUPLICATE_METHOD_MATCH = YES;
				COPY_PHASE_STRIP = NO;
				DEBUG_INFORMATION_FORMAT = dwarf;
				ENABLE_STRICT_OBJC_MSGSEND = YES;
				ENABLE_TESTABILITY = YES;
				GCC_C_LANGUAGE_STANDARD = gnu11;
				GCC_DYNAMIC_NO_PIC = NO;
				GCC_NO_COMMON_BLOCKS = YES;
				GCC_OPTIMIZATION_LEVEL = 0;
				GCC_PREPROCESSOR_DEFINITIONS = (
					"DEBUG=1",
					"$(inherited)",
				);
				GCC_WARN_64_TO_32_BIT_CONVERSION = YES;
				GCC_WARN_ABOUT_RETURN_TYPE = YES_ERROR;
				GCC_WARN_UNDECLARED_SELECTOR = YES;
				GCC_WARN_UNINITIALIZED_AUTOS = YES_AGGRESSIVE;
				GCC_WARN_UNUSED_FUNCTION = YES;
				GCC_WARN_UNUSED_VARIABLE = YES;
				IPHONEOS_DEPLOYMENT_TARGET = 16.4;
				MTL_ENABLE_DEBUG_INFO = INCLUDE_SOURCE;
				MTL_FAST_MATH = YES;
				ONLY_ACTIVE_ARCH = YES;
				SDKROOT = iphoneos;
				SWIFT_ACTIVE_COMPILATION_CONDITIONS = DEBUG;
				SWIFT_OPTIMIZATION_LEVEL = "-Onone";
			};
			name = Debug;
		};
		FAD21BD02A937D2B00CDDEF8 /* Release */ = {
			isa = XCBuildConfiguration;
			buildSettings = {
				ALWAYS_SEARCH_USER_PATHS = NO;
				CLANG_ANALYZER_NONNULL = YES;
				CLANG_ANALYZER_NUMBER_OBJECT_CONVERSION = YES_AGGRESSIVE;
				CLANG_CXX_LANGUAGE_STANDARD = "gnu++20";
				CLANG_ENABLE_MODULES = YES;
				CLANG_ENABLE_OBJC_ARC = YES;
				CLANG_ENABLE_OBJC_WEAK = YES;
				CLANG_WARN_BLOCK_CAPTURE_AUTORELEASING = YES;
				CLANG_WARN_BOOL_CONVERSION = YES;
				CLANG_WARN_COMMA = YES;
				CLANG_WARN_CONSTANT_CONVERSION = YES;
				CLANG_WARN_DEPRECATED_OBJC_IMPLEMENTATIONS = YES;
				CLANG_WARN_DIRECT_OBJC_ISA_USAGE = YES_ERROR;
				CLANG_WARN_DOCUMENTATION_COMMENTS = YES;
				CLANG_WARN_EMPTY_BODY = YES;
				CLANG_WARN_ENUM_CONVERSION = YES;
				CLANG_WARN_INFINITE_RECURSION = YES;
				CLANG_WARN_INT_CONVERSION = YES;
				CLANG_WARN_NON_LITERAL_NULL_CONVERSION = YES;
				CLANG_WARN_OBJC_IMPLICIT_RETAIN_SELF = YES;
				CLANG_WARN_OBJC_LITERAL_CONVERSION = YES;
				CLANG_WARN_OBJC_ROOT_CLASS = YES_ERROR;
				CLANG_WARN_QUOTED_INCLUDE_IN_FRAMEWORK_HEADER = YES;
				CLANG_WARN_RANGE_LOOP_ANALYSIS = YES;
				CLANG_WARN_STRICT_PROTOTYPES = YES;
				CLANG_WARN_SUSPICIOUS_MOVE = YES;
				CLANG_WARN_UNGUARDED_AVAILABILITY = YES_AGGRESSIVE;
				CLANG_WARN_UNREACHABLE_CODE = YES;
				CLANG_WARN__DUPLICATE_METHOD_MATCH = YES;
				COPY_PHASE_STRIP = NO;
				DEBUG_INFORMATION_FORMAT = "dwarf-with-dsym";
				ENABLE_NS_ASSERTIONS = NO;
				ENABLE_STRICT_OBJC_MSGSEND = YES;
				GCC_C_LANGUAGE_STANDARD = gnu11;
				GCC_NO_COMMON_BLOCKS = YES;
				GCC_WARN_64_TO_32_BIT_CONVERSION = YES;
				GCC_WARN_ABOUT_RETURN_TYPE = YES_ERROR;
				GCC_WARN_UNDECLARED_SELECTOR = YES;
				GCC_WARN_UNINITIALIZED_AUTOS = YES_AGGRESSIVE;
				GCC_WARN_UNUSED_FUNCTION = YES;
				GCC_WARN_UNUSED_VARIABLE = YES;
				IPHONEOS_DEPLOYMENT_TARGET = 16.4;
				MTL_ENABLE_DEBUG_INFO = NO;
				MTL_FAST_MATH = YES;
				SDKROOT = iphoneos;
				SWIFT_COMPILATION_MODE = wholemodule;
				SWIFT_OPTIMIZATION_LEVEL = "-O";
				VALIDATE_PRODUCT = YES;
			};
			name = Release;
		};
		FAD21BD22A937D2B00CDDEF8 /* Debug */ = {
			isa = XCBuildConfiguration;
			buildSettings = {
				ASSETCATALOG_COMPILER_APPICON_NAME = AppIcon;
				ASSETCATALOG_COMPILER_GLOBAL_ACCENT_COLOR_NAME = AccentColor;
				CODE_SIGN_STYLE = Automatic;
				CURRENT_PROJECT_VERSION = 1;
				GENERATE_INFOPLIST_FILE = YES;
				INFOPLIST_FILE = haAretzHome/Info.plist;
				INFOPLIST_KEY_UIApplicationSupportsIndirectInputEvents = YES;
				INFOPLIST_KEY_UILaunchStoryboardName = LaunchScreen;
				INFOPLIST_KEY_UISupportedInterfaceOrientations_iPad = "UIInterfaceOrientationPortrait UIInterfaceOrientationPortraitUpsideDown UIInterfaceOrientationLandscapeLeft UIInterfaceOrientationLandscapeRight";
				INFOPLIST_KEY_UISupportedInterfaceOrientations_iPhone = "UIInterfaceOrientationPortrait UIInterfaceOrientationLandscapeLeft UIInterfaceOrientationLandscapeRight";
				LD_RUNPATH_SEARCH_PATHS = (
					"$(inherited)",
					"@executable_path/Frameworks",
				);
				MARKETING_VERSION = 1.0;
				PRODUCT_BUNDLE_IDENTIFIER = Home.haAretzHome;
				PRODUCT_NAME = "$(TARGET_NAME)";
				SWIFT_EMIT_LOC_STRINGS = YES;
				SWIFT_VERSION = 5.0;
				TARGETED_DEVICE_FAMILY = "1,2";
			};
			name = Debug;
		};
		FAD21BD32A937D2B00CDDEF8 /* Release */ = {
			isa = XCBuildConfiguration;
			buildSettings = {
				ASSETCATALOG_COMPILER_APPICON_NAME = AppIcon;
				ASSETCATALOG_COMPILER_GLOBAL_ACCENT_COLOR_NAME = AccentColor;
				CODE_SIGN_STYLE = Automatic;
				CURRENT_PROJECT_VERSION = 1;
				GENERATE_INFOPLIST_FILE = YES;
				INFOPLIST_FILE = haAretzHome/Info.plist;
				INFOPLIST_KEY_UIApplicationSupportsIndirectInputEvents = YES;
				INFOPLIST_KEY_UILaunchStoryboardName = LaunchScreen;
				INFOPLIST_KEY_UISupportedInterfaceOrientations_iPad = "UIInterfaceOrientationPortrait UIInterfaceOrientationPortraitUpsideDown UIInterfaceOrientationLandscapeLeft UIInterfaceOrientationLandscapeRight";
				INFOPLIST_KEY_UISupportedInterfaceOrientations_iPhone = "UIInterfaceOrientationPortrait UIInterfaceOrientationLandscapeLeft UIInterfaceOrientationLandscapeRight";
				LD_RUNPATH_SEARCH_PATHS = (
					"$(inherited)",
					"@executable_path/Frameworks",
				);
				MARKETING_VERSION = 1.0;
				PRODUCT_BUNDLE_IDENTIFIER = Home.haAretzHome;
				PRODUCT_NAME = "$(TARGET_NAME)";
				SWIFT_EMIT_LOC_STRINGS = YES;
				SWIFT_VERSION = 5.0;
				TARGETED_DEVICE_FAMILY = "1,2";
			};
			name = Release;
		};
/* End XCBuildConfiguration section */

/* Begin XCConfigurationList section */
		FAD21BB52A937D2900CDDEF8 /* Build configuration list for PBXProject "haAretzHome" */ = {
			isa = XCConfigurationList;
			buildConfigurations = (
				FAD21BCF2A937D2B00CDDEF8 /* Debug */,
				FAD21BD02A937D2B00CDDEF8 /* Release */,
			);
			defaultConfigurationIsVisible = 0;
			defaultConfigurationName = Release;
		};
		FAD21BD12A937D2B00CDDEF8 /* Build configuration list for PBXNativeTarget "haAretzHome" */ = {
			isa = XCConfigurationList;
			buildConfigurations = (
				FAD21BD22A937D2B00CDDEF8 /* Debug */,
				FAD21BD32A937D2B00CDDEF8 /* Release */,
			);
			defaultConfigurationIsVisible = 0;
			defaultConfigurationName = Release;
		};
/* End XCConfigurationList section */

/* Begin XCVersionGroup section */
		FAD21BC62A937D2A00CDDEF8 /* haAretzHome.xcdatamodeld */ = {
			isa = XCVersionGroup;
			children = (
				FAD21BC72A937D2A00CDDEF8 /* haAretzHome.xcdatamodel */,
			);
			currentVersion = FAD21BC72A937D2A00CDDEF8 /* haAretzHome.xcdatamodel */;
			path = haAretzHome.xcdatamodeld;
			sourceTree = "<group>";
			versionGroupType = wrapper.xcdatamodel;
		};
/* End XCVersionGroup section */
	};
	rootObject = FAD21BB22A937D2900CDDEF8 /* Project object */;
}
